
Microsoft Visual Studio Solution File, Format Version 12.00
# Visual Studio 15
VisualStudioVersion = 15.0.28010.2003
MinimumVisualStudioVersion = 10.0.40219.1
Project("{8BC9CEB8-8B4A-11D0-8D11-00A0C91BC942}") = "Prog1Example", "Prog1Example\Prog1Example.vcxproj", "{BBD401E0-96A8-45A2-958B-136213FF2FCF}"
EndProject
Global
	GlobalSection(SolutionConfigurationPlatforms) = preSolution
		Debug|x64 = Debug|x64
		Debug|x86 = Debug|x86
		Release|x64 = Release|x64
		Release|x86 = Release|x86
	EndGlobalSection
	GlobalSection(ProjectConfigurationPlatforms) = postSolution
		{BBD401E0-96A8-45A2-958B-136213FF2FCF}.Debug|x64.ActiveCfg = Debug|x64
		{BBD401E0-96A8-45A2-958B-136213FF2FCF}.Debug|x64.Build.0 = Debug|x64
		{BBD401E0-96A8-45A2-958B-136213FF2FCF}.Debug|x86.ActiveCfg = Debug|Win32
		{BBD401E0-96A8-45A2-958B-136213FF2FCF}.Debug|x86.Build.0 = Debug|Win32
		{BBD401E0-96A8-45A2-958B-136213FF2FCF}.Release|x64.ActiveCfg = Release|x64
		{BBD401E0-96A8-45A2-958B-136213FF2FCF}.Release|x64.Build.0 = Release|x64
		{BBD401E0-96A8-45A2-958B-136213FF2FCF}.Release|x86.ActiveCfg = Release|Win32
		{BBD401E0-96A8-45A2-958B-136213FF2FCF}.Release|x86.Build.0 = Release|Win32
	EndGlobalSection
	GlobalSection(SolutionProperties) = preSolution
		HideSolutionNode = FALSE
	EndGlobalSection
	GlobalSection(ExtensibilityGlobals) = postSolution
		SolutionGuid = {08A4A134-4EDD-4275-933B-BF7263F19D48}
	EndGlobalSection
EndGlobal
